
Microsoft Visual Studio Solution File, Format Version 12.00
# Visual Studio Version 17
VisualStudioVersion = 17.5.33516.290
MinimumVisualStudioVersion = 10.0.40219.1
Project("{FAE04EC0-301F-11D3-BF4B-00C04F79EFBC}") = "TopAPP", "TopAPP\TopAPP.csproj", "{547CE600-1656-4DDD-A8A0-28FE4C7FB622}"
EndProject
Global
	GlobalSection(SolutionConfigurationPlatforms) = preSolution
		Debug|Any CPU = Debug|Any CPU
		Release|Any CPU = Release|Any CPU
	EndGlobalSection
	GlobalSection(ProjectConfigurationPlatforms) = postSolution
		{547CE600-1656-4DDD-A8A0-28FE4C7FB622}.Debug|Any CPU.ActiveCfg = Debug|Any CPU
		{547CE600-1656-4DDD-A8A0-28FE4C7FB622}.Debug|Any CPU.Build.0 = Debug|Any CPU
		{547CE600-1656-4DDD-A8A0-28FE4C7FB622}.Release|Any CPU.ActiveCfg = Release|Any CPU
		{547CE600-1656-4DDD-A8A0-28FE4C7FB622}.Release|Any CPU.Build.0 = Release|Any CPU
	EndGlobalSection
	GlobalSection(SolutionProperties) = preSolution
		HideSolutionNode = FALSE
	EndGlobalSection
	GlobalSection(ExtensibilityGlobals) = postSolution
		SolutionGuid = {D24C6C87-2FEE-43C3-AE1D-786E1B8B4396}
	EndGlobalSection
EndGlobal
